// !$*UTF8*$!
{
	archiveVersion = 1;
	classes = {
	};
	objectVersion = 56;
	objects = {

/* Begin PBXBuildFile section */
		A21C25A529E92802009E76E1 /* UIView+Extension.swift in Sources */ = {isa = PBXBuildFile; fileRef = A21C25A429E92802009E76E1 /* UIView+Extension.swift */; };
		A226E6C029E82B4500B1013B /* AppDelegate.swift in Sources */ = {isa = PBXBuildFile; fileRef = A226E6BF29E82B4500B1013B /* AppDelegate.swift */; };
		A226E6C229E82B4500B1013B /* SceneDelegate.swift in Sources */ = {isa = PBXBuildFile; fileRef = A226E6C129E82B4500B1013B /* SceneDelegate.swift */; };
		A226E6C429E82B4500B1013B /* ViewController.swift in Sources */ = {isa = PBXBuildFile; fileRef = A226E6C329E82B4500B1013B /* ViewController.swift */; };
		A226E6C729E82B4500B1013B /* Main.storyboard in Resources */ = {isa = PBXBuildFile; fileRef = A226E6C529E82B4500B1013B /* Main.storyboard */; };
		A226E6C929E82B4700B1013B /* Assets.xcassets in Resources */ = {isa = PBXBuildFile; fileRef = A226E6C829E82B4700B1013B /* Assets.xcassets */; };
		A226E6CC29E82B4700B1013B /* LaunchScreen.storyboard in Resources */ = {isa = PBXBuildFile; fileRef = A226E6CA29E82B4700B1013B /* LaunchScreen.storyboard */; };
		A226E6D929E82C4800B1013B /* UserListViewController.swift in Sources */ = {isa = PBXBuildFile; fileRef = A226E6D729E82C4800B1013B /* UserListViewController.swift */; };
		A226E6DA29E82C4800B1013B /* UserListViewController.xib in Resources */ = {isa = PBXBuildFile; fileRef = A226E6D829E82C4800B1013B /* UserListViewController.xib */; };
		A226E6DD29E82C8400B1013B /* UserListTableViewCell.swift in Sources */ = {isa = PBXBuildFile; fileRef = A226E6DB29E82C8400B1013B /* UserListTableViewCell.swift */; };
		A226E6DE29E82C8400B1013B /* UserListTableViewCell.xib in Resources */ = {isa = PBXBuildFile; fileRef = A226E6DC29E82C8400B1013B /* UserListTableViewCell.xib */; };
		A226E6E129E82E5900B1013B /* UserModel.swift in Sources */ = {isa = PBXBuildFile; fileRef = A226E6E029E82E5900B1013B /* UserModel.swift */; };
		A226E6E429E82EF800B1013B /* API.swift in Sources */ = {isa = PBXBuildFile; fileRef = A226E6E329E82EF800B1013B /* API.swift */; };
		A27527DD29E85C5400D8E16D /* UIViewController+Extension.swift in Sources */ = {isa = PBXBuildFile; fileRef = A27527DC29E85C5400D8E16D /* UIViewController+Extension.swift */; };
/* End PBXBuildFile section */

/* Begin PBXFileReference section */
		A21C25A429E92802009E76E1 /* UIView+Extension.swift */ = {isa = PBXFileReference; lastKnownFileType = sourcecode.swift; path = "UIView+Extension.swift"; sourceTree = "<group>"; };
		A226E6BC29E82B4500B1013B /* TestTaskNativeApp.app */ = {isa = PBXFileReference; explicitFileType = wrapper.application; includeInIndex = 0; path = TestTaskNativeApp.app; sourceTree = BUILT_PRODUCTS_DIR; };
		A226E6BF29E82B4500B1013B /* AppDelegate.swift */ = {isa = PBXFileReference; lastKnownFileType = sourcecode.swift; path = AppDelegate.swift; sourceTree = "<group>"; };
		A226E6C129E82B4500B1013B /* SceneDelegate.swift */ = {isa = PBXFileReference; lastKnownFileType = sourcecode.swift; path = SceneDelegate.swift; sourceTree = "<group>"; };
		A226E6C329E82B4500B1013B /* ViewController.swift */ = {isa = PBXFileReference; lastKnownFileType = sourcecode.swift; path = ViewController.swift; sourceTree = "<group>"; };
		A226E6C629E82B4500B1013B /* Base */ = {isa = PBXFileReference; lastKnownFileType = file.storyboard; name = Base; path = Base.lproj/Main.storyboard; sourceTree = "<group>"; };
		A226E6C829E82B4700B1013B /* Assets.xcassets */ = {isa = PBXFileReference; lastKnownFileType = folder.assetcatalog; path = Assets.xcassets; sourceTree = "<group>"; };
		A226E6CB29E82B4700B1013B /* Base */ = {isa = PBXFileReference; lastKnownFileType = file.storyboard; name = Base; path = Base.lproj/LaunchScreen.storyboard; sourceTree = "<group>"; };
		A226E6CD29E82B4700B1013B /* Info.plist */ = {isa = PBXFileReference; lastKnownFileType = text.plist.xml; path = Info.plist; sourceTree = "<group>"; };
		A226E6D729E82C4800B1013B /* UserListViewController.swift */ = {isa = PBXFileReference; lastKnownFileType = sourcecode.swift; path = UserListViewController.swift; sourceTree = "<group>"; };
		A226E6D829E82C4800B1013B /* UserListViewController.xib */ = {isa = PBXFileReference; lastKnownFileType = file.xib; path = UserListViewController.xib; sourceTree = "<group>"; };
		A226E6DB29E82C8400B1013B /* UserListTableViewCell.swift */ = {isa = PBXFileReference; lastKnownFileType = sourcecode.swift; path = UserListTableViewCell.swift; sourceTree = "<group>"; };
		A226E6DC29E82C8400B1013B /* UserListTableViewCell.xib */ = {isa = PBXFileReference; lastKnownFileType = file.xib; path = UserListTableViewCell.xib; sourceTree = "<group>"; };
		A226E6E029E82E5900B1013B /* UserModel.swift */ = {isa = PBXFileReference; lastKnownFileType = sourcecode.swift; path = UserModel.swift; sourceTree = "<group>"; };
		A226E6E329E82EF800B1013B /* API.swift */ = {isa = PBXFileReference; lastKnownFileType = sourcecode.swift; path = API.swift; sourceTree = "<group>"; };
		A27527DC29E85C5400D8E16D /* UIViewController+Extension.swift */ = {isa = PBXFileReference; lastKnownFileType = sourcecode.swift; path = "UIViewController+Extension.swift"; sourceTree = "<group>"; };
/* End PBXFileReference section */

/* Begin PBXFrameworksBuildPhase section */
		A226E6B929E82B4500B1013B /* Frameworks */ = {
			isa = PBXFrameworksBuildPhase;
			buildActionMask = 2147483647;
			files = (
			);
			runOnlyForDeploymentPostprocessing = 0;
		};
/* End PBXFrameworksBuildPhase section */

/* Begin PBXGroup section */
		A226E6B329E82B4500B1013B = {
			isa = PBXGroup;
			children = (
				A226E6BE29E82B4500B1013B /* TestTaskNativeApp */,
				A226E6BD29E82B4500B1013B /* Products */,
			);
			sourceTree = "<group>";
		};
		A226E6BD29E82B4500B1013B /* Products */ = {
			isa = PBXGroup;
			children = (
				A226E6BC29E82B4500B1013B /* TestTaskNativeApp.app */,
			);
			name = Products;
			sourceTree = "<group>";
		};
		A226E6BE29E82B4500B1013B /* TestTaskNativeApp */ = {
			isa = PBXGroup;
			children = (
				A226E6D629E82B8700B1013B /* Helpers */,
				A226E6D529E82B8300B1013B /* Models */,
				A226E6D429E82B7F00B1013B /* Cells */,
				A226E6D329E82B7800B1013B /* Controllers */,
				A226E6BF29E82B4500B1013B /* AppDelegate.swift */,
				A226E6C129E82B4500B1013B /* SceneDelegate.swift */,
				A226E6C329E82B4500B1013B /* ViewController.swift */,
				A226E6C529E82B4500B1013B /* Main.storyboard */,
				A226E6C829E82B4700B1013B /* Assets.xcassets */,
				A226E6CA29E82B4700B1013B /* LaunchScreen.storyboard */,
				A226E6CD29E82B4700B1013B /* Info.plist */,
			);
			path = TestTaskNativeApp;
			sourceTree = "<group>";
		};
		A226E6D329E82B7800B1013B /* Controllers */ = {
			isa = PBXGroup;
			children = (
				A226E6D729E82C4800B1013B /* UserListViewController.swift */,
				A226E6D829E82C4800B1013B /* UserListViewController.xib */,
			);
			path = Controllers;
			sourceTree = "<group>";
		};
		A226E6D429E82B7F00B1013B /* Cells */ = {
			isa = PBXGroup;
			children = (
				A226E6DB29E82C8400B1013B /* UserListTableViewCell.swift */,
				A226E6DC29E82C8400B1013B /* UserListTableViewCell.xib */,
			);
			path = Cells;
			sourceTree = "<group>";
		};
		A226E6D529E82B8300B1013B /* Models */ = {
			isa = PBXGroup;
			children = (
				A226E6E029E82E5900B1013B /* UserModel.swift */,
			);
			path = Models;
			sourceTree = "<group>";
		};
		A226E6D629E82B8700B1013B /* Helpers */ = {
			isa = PBXGroup;
			children = (
				A27527DB29E85C3C00D8E16D /* Extensions */,
				A226E6E229E82EEF00B1013B /* API */,
			);
			path = Helpers;
			sourceTree = "<group>";
		};
		A226E6E229E82EEF00B1013B /* API */ = {
			isa = PBXGroup;
			children = (
				A226E6E329E82EF800B1013B /* API.swift */,
			);
			path = API;
			sourceTree = "<group>";
		};
		A27527DB29E85C3C00D8E16D /* Extensions */ = {
			isa = PBXGroup;
			children = (
				A27527DC29E85C5400D8E16D /* UIViewController+Extension.swift */,
				A21C25A429E92802009E76E1 /* UIView+Extension.swift */,
			);
			path = Extensions;
			sourceTree = "<group>";
		};
/* End PBXGroup section */

/* Begin PBXNativeTarget section */
		A226E6BB29E82B4500B1013B /* TestTaskNativeApp */ = {
			isa = PBXNativeTarget;
			buildConfigurationList = A226E6D029E82B4700B1013B /* Build configuration list for PBXNativeTarget "TestTaskNativeApp" */;
			buildPhases = (
				A226E6B829E82B4500B1013B /* Sources */,
				A226E6B929E82B4500B1013B /* Frameworks */,
				A226E6BA29E82B4500B1013B /* Resources */,
			);
			buildRules = (
			);
			dependencies = (
			);
			name = TestTaskNativeApp;
			productName = TestTaskNativeApp;
			productReference = A226E6BC29E82B4500B1013B /* TestTaskNativeApp.app */;
			productType = "com.apple.product-type.application";
		};
/* End PBXNativeTarget section */

/* Begin PBXProject section */
		A226E6B429E82B4500B1013B /* Project object */ = {
			isa = PBXProject;
			attributes = {
				BuildIndependentTargetsInParallel = 1;
				LastSwiftUpdateCheck = 1400;
				LastUpgradeCheck = 1400;
				TargetAttributes = {
					A226E6BB29E82B4500B1013B = {
						CreatedOnToolsVersion = 14.0;
					};
				};
			};
			buildConfigurationList = A226E6B729E82B4500B1013B /* Build configuration list for PBXProject "TestTaskNativeApp" */;
			compatibilityVersion = "Xcode 14.0";
			developmentRegion = en;
			hasScannedForEncodings = 0;
			knownRegions = (
				en,
				Base,
			);
			mainGroup = A226E6B329E82B4500B1013B;
			productRefGroup = A226E6BD29E82B4500B1013B /* Products */;
			projectDirPath = "";
			projectRoot = "";
			targets = (
				A226E6BB29E82B4500B1013B /* TestTaskNativeApp */,
			);
		};
/* End PBXProject section */

/* Begin PBXResourcesBuildPhase section */
		A226E6BA29E82B4500B1013B /* Resources */ = {
			isa = PBXResourcesBuildPhase;
			buildActionMask = 2147483647;
			files = (
				A226E6DE29E82C8400B1013B /* UserListTableViewCell.xib in Resources */,
				A226E6CC29E82B4700B1013B /* LaunchScreen.storyboard in Resources */,
				A226E6DA29E82C4800B1013B /* UserListViewController.xib in Resources */,
				A226E6C929E82B4700B1013B /* Assets.xcassets in Resources */,
				A226E6C729E82B4500B1013B /* Main.storyboard in Resources */,
			);
			runOnlyForDeploymentPostprocessing = 0;
		};
/* End PBXResourcesBuildPhase section */

/* Begin PBXSourcesBuildPhase section */
		A226E6B829E82B4500B1013B /* Sources */ = {
			isa = PBXSourcesBuildPhase;
			buildActionMask = 2147483647;
			files = (
				A27527DD29E85C5400D8E16D /* UIViewController+Extension.swift in Sources */,
				A226E6DD29E82C8400B1013B /* UserListTableViewCell.swift in Sources */,
				A226E6C429E82B4500B1013B /* ViewController.swift in Sources */,
				A21C25A529E92802009E76E1 /* UIView+Extension.swift in Sources */,
				A226E6D929E82C4800B1013B /* UserListViewController.swift in Sources */,
				A226E6C029E82B4500B1013B /* AppDelegate.swift in Sources */,
				A226E6E129E82E5900B1013B /* UserModel.swift in Sources */,
				A226E6C229E82B4500B1013B /* SceneDelegate.swift in Sources */,
				A226E6E429E82EF800B1013B /* API.swift in Sources */,
			);
			runOnlyForDeploymentPostprocessing = 0;
		};
/* End PBXSourcesBuildPhase section */

/* Begin PBXVariantGroup section */
		A226E6C529E82B4500B1013B /* Main.storyboard */ = {
			isa = PBXVariantGroup;
			children = (
				A226E6C629E82B4500B1013B /* Base */,
			);
			name = Main.storyboard;
			sourceTree = "<group>";
		};
		A226E6CA29E82B4700B1013B /* LaunchScreen.storyboard */ = {
			isa = PBXVariantGroup;
			children = (
				A226E6CB29E82B4700B1013B /* Base */,
			);
			name = LaunchScreen.storyboard;
			sourceTree = "<group>";
		};
/* End PBXVariantGroup section */

/* Begin XCBuildConfiguration section */
		A226E6CE29E82B4700B1013B /* Debug */ = {
			isa = XCBuildConfiguration;
			buildSettings = {
				ALWAYS_SEARCH_USER_PATHS = NO;
				CLANG_ANALYZER_NONNULL = YES;
				CLANG_ANALYZER_NUMBER_OBJECT_CONVERSION = YES_AGGRESSIVE;
				CLANG_CXX_LANGUAGE_STANDARD = "gnu++20";
				CLANG_ENABLE_MODULES = YES;
				CLANG_ENABLE_OBJC_ARC = YES;
				CLANG_ENABLE_OBJC_WEAK = YES;
				CLANG_WARN_BLOCK_CAPTURE_AUTORELEASING = YES;
				CLANG_WARN_BOOL_CONVERSION = YES;
				CLANG_WARN_COMMA = YES;
				CLANG_WARN_CONSTANT_CONVERSION = YES;
				CLANG_WARN_DEPRECATED_OBJC_IMPLEMENTATIONS = YES;
				CLANG_WARN_DIRECT_OBJC_ISA_USAGE = YES_ERROR;
				CLANG_WARN_DOCUMENTATION_COMMENTS = YES;
				CLANG_WARN_EMPTY_BODY = YES;
				CLANG_WARN_ENUM_CONVERSION = YES;
				CLANG_WARN_INFINITE_RECURSION = YES;
				CLANG_WARN_INT_CONVERSION = YES;
				CLANG_WARN_NON_LITERAL_NULL_CONVERSION = YES;
				CLANG_WARN_OBJC_IMPLICIT_RETAIN_SELF = YES;
				CLANG_WARN_OBJC_LITERAL_CONVERSION = YES;
				CLANG_WARN_OBJC_ROOT_CLASS = YES_ERROR;
				CLANG_WARN_QUOTED_INCLUDE_IN_FRAMEWORK_HEADER = YES;
				CLANG_WARN_RANGE_LOOP_ANALYSIS = YES;
				CLANG_WARN_STRICT_PROTOTYPES = YES;
				CLANG_WARN_SUSPICIOUS_MOVE = YES;
				CLANG_WARN_UNGUARDED_AVAILABILITY = YES_AGGRESSIVE;
				CLANG_WARN_UNREACHABLE_CODE = YES;
				CLANG_WARN__DUPLICATE_METHOD_MATCH = YES;
				COPY_PHASE_STRIP = NO;
				DEBUG_INFORMATION_FORMAT = dwarf;
				ENABLE_STRICT_OBJC_MSGSEND = YES;
				ENABLE_TESTABILITY = YES;
				GCC_C_LANGUAGE_STANDARD = gnu11;
				GCC_DYNAMIC_NO_PIC = NO;
				GCC_NO_COMMON_BLOCKS = YES;
				GCC_OPTIMIZATION_LEVEL = 0;
				GCC_PREPROCESSOR_DEFINITIONS = (
					"DEBUG=1",
					"$(inherited)",
				);
				GCC_WARN_64_TO_32_BIT_CONVERSION = YES;
				GCC_WARN_ABOUT_RETURN_TYPE = YES_ERROR;
				GCC_WARN_UNDECLARED_SELECTOR = YES;
				GCC_WARN_UNINITIALIZED_AUTOS = YES_AGGRESSIVE;
				GCC_WARN_UNUSED_FUNCTION = YES;
				GCC_WARN_UNUSED_VARIABLE = YES;
				IPHONEOS_DEPLOYMENT_TARGET = 16.0;
				MTL_ENABLE_DEBUG_INFO = INCLUDE_SOURCE;
				MTL_FAST_MATH = YES;
				ONLY_ACTIVE_ARCH = YES;
				SDKROOT = iphoneos;
				SWIFT_ACTIVE_COMPILATION_CONDITIONS = DEBUG;
				SWIFT_OPTIMIZATION_LEVEL = "-Onone";
			};
			name = Debug;
		};
		A226E6CF29E82B4700B1013B /* Release */ = {
			isa = XCBuildConfiguration;
			buildSettings = {
				ALWAYS_SEARCH_USER_PATHS = NO;
				CLANG_ANALYZER_NONNULL = YES;
				CLANG_ANALYZER_NUMBER_OBJECT_CONVERSION = YES_AGGRESSIVE;
				CLANG_CXX_LANGUAGE_STANDARD = "gnu++20";
				CLANG_ENABLE_MODULES = YES;
				CLANG_ENABLE_OBJC_ARC = YES;
				CLANG_ENABLE_OBJC_WEAK = YES;
				CLANG_WARN_BLOCK_CAPTURE_AUTORELEASING = YES;
				CLANG_WARN_BOOL_CONVERSION = YES;
				CLANG_WARN_COMMA = YES;
				CLANG_WARN_CONSTANT_CONVERSION = YES;
				CLANG_WARN_DEPRECATED_OBJC_IMPLEMENTATIONS = YES;
				CLANG_WARN_DIRECT_OBJC_ISA_USAGE = YES_ERROR;
				CLANG_WARN_DOCUMENTATION_COMMENTS = YES;
				CLANG_WARN_EMPTY_BODY = YES;
				CLANG_WARN_ENUM_CONVERSION = YES;
				CLANG_WARN_INFINITE_RECURSION = YES;
				CLANG_WARN_INT_CONVERSION = YES;
				CLANG_WARN_NON_LITERAL_NULL_CONVERSION = YES;
				CLANG_WARN_OBJC_IMPLICIT_RETAIN_SELF = YES;
				CLANG_WARN_OBJC_LITERAL_CONVERSION = YES;
				CLANG_WARN_OBJC_ROOT_CLASS = YES_ERROR;
				CLANG_WARN_QUOTED_INCLUDE_IN_FRAMEWORK_HEADER = YES;
				CLANG_WARN_RANGE_LOOP_ANALYSIS = YES;
				CLANG_WARN_STRICT_PROTOTYPES = YES;
				CLANG_WARN_SUSPICIOUS_MOVE = YES;
				CLANG_WARN_UNGUARDED_AVAILABILITY = YES_AGGRESSIVE;
				CLANG_WARN_UNREACHABLE_CODE = YES;
				CLANG_WARN__DUPLICATE_METHOD_MATCH = YES;
				COPY_PHASE_STRIP = NO;
				DEBUG_INFORMATION_FORMAT = "dwarf-with-dsym";
				ENABLE_NS_ASSERTIONS = NO;
				ENABLE_STRICT_OBJC_MSGSEND = YES;
				GCC_C_LANGUAGE_STANDARD = gnu11;
				GCC_NO_COMMON_BLOCKS = YES;
				GCC_WARN_64_TO_32_BIT_CONVERSION = YES;
				GCC_WARN_ABOUT_RETURN_TYPE = YES_ERROR;
				GCC_WARN_UNDECLARED_SELECTOR = YES;
				GCC_WARN_UNINITIALIZED_AUTOS = YES_AGGRESSIVE;
				GCC_WARN_UNUSED_FUNCTION = YES;
				GCC_WARN_UNUSED_VARIABLE = YES;
				IPHONEOS_DEPLOYMENT_TARGET = 16.0;
				MTL_ENABLE_DEBUG_INFO = NO;
				MTL_FAST_MATH = YES;
				SDKROOT = iphoneos;
				SWIFT_COMPILATION_MODE = wholemodule;
				SWIFT_OPTIMIZATION_LEVEL = "-O";
				VALIDATE_PRODUCT = YES;
			};
			name = Release;
		};
		A226E6D129E82B4700B1013B /* Debug */ = {
			isa = XCBuildConfiguration;
			buildSettings = {
				ASSETCATALOG_COMPILER_APPICON_NAME = AppIcon;
				ASSETCATALOG_COMPILER_GLOBAL_ACCENT_COLOR_NAME = AccentColor;
				CODE_SIGN_STYLE = Automatic;
				CURRENT_PROJECT_VERSION = 1;
				DEVELOPMENT_TEAM = W25G72CSZW;
				GENERATE_INFOPLIST_FILE = YES;
				INFOPLIST_FILE = TestTaskNativeApp/Info.plist;
				INFOPLIST_KEY_UIApplicationSupportsIndirectInputEvents = YES;
				INFOPLIST_KEY_UILaunchStoryboardName = LaunchScreen;
				INFOPLIST_KEY_UIMainStoryboardFile = Main;
				INFOPLIST_KEY_UISupportedInterfaceOrientations_iPad = "UIInterfaceOrientationPortrait UIInterfaceOrientationPortraitUpsideDown UIInterfaceOrientationLandscapeLeft UIInterfaceOrientationLandscapeRight";
				INFOPLIST_KEY_UISupportedInterfaceOrientations_iPhone = "UIInterfaceOrientationPortrait UIInterfaceOrientationLandscapeLeft UIInterfaceOrientationLandscapeRight";
				IPHONEOS_DEPLOYMENT_TARGET = 16.0;
				LD_RUNPATH_SEARCH_PATHS = (
					"$(inherited)",
					"@executable_path/Frameworks",
				);
				MARKETING_VERSION = 1.0;
				PRODUCT_BUNDLE_IDENTIFIER = TMS.TestTaskNativeApp;
				PRODUCT_NAME = "$(TARGET_NAME)";
				SWIFT_EMIT_LOC_STRINGS = YES;
				SWIFT_VERSION = 5.0;
				TARGETED_DEVICE_FAMILY = "1,2";
			};
			name = Debug;
		};
		A226E6D229E82B4700B1013B /* Release */ = {
			isa = XCBuildConfiguration;
			buildSettings = {
				ASSETCATALOG_COMPILER_APPICON_NAME = AppIcon;
				ASSETCATALOG_COMPILER_GLOBAL_ACCENT_COLOR_NAME = AccentColor;
				CODE_SIGN_STYLE = Automatic;
				CURRENT_PROJECT_VERSION = 1;
				DEVELOPMENT_TEAM = W25G72CSZW;
				GENERATE_INFOPLIST_FILE = YES;
				INFOPLIST_FILE = TestTaskNativeApp/Info.plist;
				INFOPLIST_KEY_UIApplicationSupportsIndirectInputEvents = YES;
				INFOPLIST_KEY_UILaunchStoryboardName = LaunchScreen;
				INFOPLIST_KEY_UIMainStoryboardFile = Main;
				INFOPLIST_KEY_UISupportedInterfaceOrientations_iPad = "UIInterfaceOrientationPortrait UIInterfaceOrientationPortraitUpsideDown UIInterfaceOrientationLandscapeLeft UIInterfaceOrientationLandscapeRight";
				INFOPLIST_KEY_UISupportedInterfaceOrientations_iPhone = "UIInterfaceOrientationPortrait UIInterfaceOrientationLandscapeLeft UIInterfaceOrientationLandscapeRight";
				IPHONEOS_DEPLOYMENT_TARGET = 16.0;
				LD_RUNPATH_SEARCH_PATHS = (
					"$(inherited)",
					"@executable_path/Frameworks",
				);
				MARKETING_VERSION = 1.0;
				PRODUCT_BUNDLE_IDENTIFIER = TMS.TestTaskNativeApp;
				PRODUCT_NAME = "$(TARGET_NAME)";
				SWIFT_EMIT_LOC_STRINGS = YES;
				SWIFT_VERSION = 5.0;
				TARGETED_DEVICE_FAMILY = "1,2";
			};
			name = Release;
		};
/* End XCBuildConfiguration section */

/* Begin XCConfigurationList section */
		A226E6B729E82B4500B1013B /* Build configuration list for PBXProject "TestTaskNativeApp" */ = {
			isa = XCConfigurationList;
			buildConfigurations = (
				A226E6CE29E82B4700B1013B /* Debug */,
				A226E6CF29E82B4700B1013B /* Release */,
			);
			defaultConfigurationIsVisible = 0;
			defaultConfigurationName = Release;
		};
		A226E6D029E82B4700B1013B /* Build configuration list for PBXNativeTarget "TestTaskNativeApp" */ = {
			isa = XCConfigurationList;
			buildConfigurations = (
				A226E6D129E82B4700B1013B /* Debug */,
				A226E6D229E82B4700B1013B /* Release */,
			);
			defaultConfigurationIsVisible = 0;
			defaultConfigurationName = Release;
		};
/* End XCConfigurationList section */
	};
	rootObject = A226E6B429E82B4500B1013B /* Project object */;
}
